
Microsoft Visual Studio Solution File, Format Version 12.00
# Visual Studio Version 16
VisualStudioVersion = 16.0.30011.22
MinimumVisualStudioVersion = 10.0.40219.1
Project("{FAE04EC0-301F-11D3-BF4B-00C04F79EFBC}") = "FDR_KMITL", "FDR_KMITL\FDR_KMITL.csproj", "{9C1A2059-8DAB-4AC2-8659-79B2E9D28DC5}"
EndProject
Global
	GlobalSection(SolutionConfigurationPlatforms) = preSolution
		Debug|Any CPU = Debug|Any CPU
		Release|Any CPU = Release|Any CPU
	EndGlobalSection
	GlobalSection(ProjectConfigurationPlatforms) = postSolution
		{9C1A2059-8DAB-4AC2-8659-79B2E9D28DC5}.Debug|Any CPU.ActiveCfg = Debug|Any CPU
		{9C1A2059-8DAB-4AC2-8659-79B2E9D28DC5}.Debug|Any CPU.Build.0 = Debug|Any CPU
		{9C1A2059-8DAB-4AC2-8659-79B2E9D28DC5}.Release|Any CPU.ActiveCfg = Release|Any CPU
		{9C1A2059-8DAB-4AC2-8659-79B2E9D28DC5}.Release|Any CPU.Build.0 = Release|Any CPU
	EndGlobalSection
	GlobalSection(SolutionProperties) = preSolution
		HideSolutionNode = FALSE
	EndGlobalSection
	GlobalSection(ExtensibilityGlobals) = postSolution
		SolutionGuid = {C523BB1F-858B-4B92-B8D5-91D8A92C3453}
	EndGlobalSection
EndGlobal
